
Microsoft Visual Studio Solution File, Format Version 12.00
# Visual Studio Version 16
VisualStudioVersion = 16.0.29009.5
MinimumVisualStudioVersion = 10.0.40219.1
Project("{FAE04EC0-301F-11D3-BF4B-00C04F79EFBC}") = "WebpageScreenshotTaker.Service", "WebpageScreenshotTaker.Service\WebpageScreenshotTaker.Service.csproj", "{C9F4FAFD-618F-4525-BB4E-EC495C395E7F}"
EndProject
Project("{FAE04EC0-301F-11D3-BF4B-00C04F79EFBC}") = "WebpageScreenshotTaker.Data", "WebpageScreenshotTaker.Data\WebpageScreenshotTaker.Data.csproj", "{1615E38D-C591-4158-ADA7-1A3D5325A147}"
EndProject
Project("{FAE04EC0-301F-11D3-BF4B-00C04F79EFBC}") = "WebpageScreenshotTaker.UI", "WebpageScreenshotTaker.UI\WebpageScreenshotTaker.UI.csproj", "{6E0CAE8D-0AAB-4FBC-80CE-B8A590B3F634}"
EndProject
Project("{FAE04EC0-301F-11D3-BF4B-00C04F79EFBC}") = "ServiceInstaller", "ServiceInstaller\ServiceInstaller.csproj", "{91439FC4-DD2E-4EA8-877F-DCF04884E96C}"
EndProject
Global
	GlobalSection(SolutionConfigurationPlatforms) = preSolution
		Debug|Any CPU = Debug|Any CPU
		Release|Any CPU = Release|Any CPU
	EndGlobalSection
	GlobalSection(ProjectConfigurationPlatforms) = postSolution
		{C9F4FAFD-618F-4525-BB4E-EC495C395E7F}.Debug|Any CPU.ActiveCfg = Debug|Any CPU
		{C9F4FAFD-618F-4525-BB4E-EC495C395E7F}.Debug|Any CPU.Build.0 = Debug|Any CPU
		{C9F4FAFD-618F-4525-BB4E-EC495C395E7F}.Release|Any CPU.ActiveCfg = Release|Any CPU
		{C9F4FAFD-618F-4525-BB4E-EC495C395E7F}.Release|Any CPU.Build.0 = Release|Any CPU
		{1615E38D-C591-4158-ADA7-1A3D5325A147}.Debug|Any CPU.ActiveCfg = Debug|Any CPU
		{1615E38D-C591-4158-ADA7-1A3D5325A147}.Debug|Any CPU.Build.0 = Debug|Any CPU
		{1615E38D-C591-4158-ADA7-1A3D5325A147}.Release|Any CPU.ActiveCfg = Release|Any CPU
		{1615E38D-C591-4158-ADA7-1A3D5325A147}.Release|Any CPU.Build.0 = Release|Any CPU
		{6E0CAE8D-0AAB-4FBC-80CE-B8A590B3F634}.Debug|Any CPU.ActiveCfg = Debug|Any CPU
		{6E0CAE8D-0AAB-4FBC-80CE-B8A590B3F634}.Debug|Any CPU.Build.0 = Debug|Any CPU
		{6E0CAE8D-0AAB-4FBC-80CE-B8A590B3F634}.Release|Any CPU.ActiveCfg = Release|Any CPU
		{6E0CAE8D-0AAB-4FBC-80CE-B8A590B3F634}.Release|Any CPU.Build.0 = Release|Any CPU
		{91439FC4-DD2E-4EA8-877F-DCF04884E96C}.Debug|Any CPU.ActiveCfg = Debug|Any CPU
		{91439FC4-DD2E-4EA8-877F-DCF04884E96C}.Debug|Any CPU.Build.0 = Debug|Any CPU
		{91439FC4-DD2E-4EA8-877F-DCF04884E96C}.Release|Any CPU.ActiveCfg = Release|Any CPU
		{91439FC4-DD2E-4EA8-877F-DCF04884E96C}.Release|Any CPU.Build.0 = Release|Any CPU
	EndGlobalSection
	GlobalSection(SolutionProperties) = preSolution
		HideSolutionNode = FALSE
	EndGlobalSection
	GlobalSection(ExtensibilityGlobals) = postSolution
		SolutionGuid = {C2926E7C-EFAC-4F84-9CA7-9BADD2620DB3}
	EndGlobalSection
EndGlobal
